// !$*UTF8*$!
{
	archiveVersion = 1;
	classes = {
	};
	objectVersion = 46;
	objects = {

/* Begin PBXBuildFile section */
		5B95F55F1DAC1D8200E37367 /* AppDelegate.swift in Sources */ = {isa = PBXBuildFile; fileRef = 5B95F55E1DAC1D8200E37367 /* AppDelegate.swift */; };
		5B95F5641DAC1D8200E37367 /* Main.storyboard in Resources */ = {isa = PBXBuildFile; fileRef = 5B95F5621DAC1D8200E37367 /* Main.storyboard */; };
		5B95F5661DAC1D8200E37367 /* Assets.xcassets in Resources */ = {isa = PBXBuildFile; fileRef = 5B95F5651DAC1D8200E37367 /* Assets.xcassets */; };
		5B95F5691DAC1D8200E37367 /* LaunchScreen.storyboard in Resources */ = {isa = PBXBuildFile; fileRef = 5B95F5671DAC1D8200E37367 /* LaunchScreen.storyboard */; };
		BC1CF53D1DAC38BA005CE088 /* images.zip in Resources */ = {isa = PBXBuildFile; fileRef = BC1CF53C1DAC38BA005CE088 /* images.zip */; };
		BC1CF54B1DAC38E6005CE088 /* carl.jpg in Resources */ = {isa = PBXBuildFile; fileRef = BC1CF53E1DAC38E6005CE088 /* carl.jpg */; };
		BC1CF54C1DAC38E6005CE088 /* danny.jpg in Resources */ = {isa = PBXBuildFile; fileRef = BC1CF53F1DAC38E6005CE088 /* danny.jpg */; };
		BC1CF54D1DAC38E6005CE088 /* dj.jpg in Resources */ = {isa = PBXBuildFile; fileRef = BC1CF5401DAC38E6005CE088 /* dj.jpg */; };
		BC1CF54E1DAC38E6005CE088 /* eddie.jpg in Resources */ = {isa = PBXBuildFile; fileRef = BC1CF5411DAC38E6005CE088 /* eddie.jpg */; };
		BC1CF54F1DAC38E6005CE088 /* jesse.jpg in Resources */ = {isa = PBXBuildFile; fileRef = BC1CF5421DAC38E6005CE088 /* jesse.jpg */; };
		BC1CF5501DAC38E6005CE088 /* joey.jpg in Resources */ = {isa = PBXBuildFile; fileRef = BC1CF5431DAC38E6005CE088 /* joey.jpg */; };
		BC1CF5511DAC38E6005CE088 /* kimmy.jpg in Resources */ = {isa = PBXBuildFile; fileRef = BC1CF5441DAC38E6005CE088 /* kimmy.jpg */; };
		BC1CF5521DAC38E6005CE088 /* laura.jpg in Resources */ = {isa = PBXBuildFile; fileRef = BC1CF5451DAC38E6005CE088 /* laura.jpg */; };
		BC1CF5531DAC38E6005CE088 /* michelle.jpg in Resources */ = {isa = PBXBuildFile; fileRef = BC1CF5461DAC38E6005CE088 /* michelle.jpg */; };
		BC1CF5541DAC38E6005CE088 /* rebecca.jpg in Resources */ = {isa = PBXBuildFile; fileRef = BC1CF5471DAC38E6005CE088 /* rebecca.jpg */; };
		BC1CF5551DAC38E6005CE088 /* stephanie.jpg in Resources */ = {isa = PBXBuildFile; fileRef = BC1CF5481DAC38E6005CE088 /* stephanie.jpg */; };
		BC1CF5561DAC38E6005CE088 /* steve.jpg in Resources */ = {isa = PBXBuildFile; fileRef = BC1CF5491DAC38E6005CE088 /* steve.jpg */; };
		BC1CF5571DAC38E6005CE088 /* waldo.jpg in Resources */ = {isa = PBXBuildFile; fileRef = BC1CF54A1DAC38E6005CE088 /* waldo.jpg */; };
		BC1CF5591DAC3963005CE088 /* familyHouse.swift in Sources */ = {isa = PBXBuildFile; fileRef = BC1CF5581DAC3963005CE088 /* familyHouse.swift */; };
		BC1CF55B1DAC40CF005CE088 /* FilmLocationTableTableViewController.swift in Sources */ = {isa = PBXBuildFile; fileRef = BC1CF55A1DAC40CF005CE088 /* FilmLocationTableTableViewController.swift */; };
		BC1CF55D1DAC412B005CE088 /* FilmLocationTableViewCell.swift in Sources */ = {isa = PBXBuildFile; fileRef = BC1CF55C1DAC412B005CE088 /* FilmLocationTableViewCell.swift */; };
		BC70D8911DAD358500D1E5FA /* CharacterCollectionViewCell.swift in Sources */ = {isa = PBXBuildFile; fileRef = BC70D8901DAD358500D1E5FA /* CharacterCollectionViewCell.swift */; };
		BC70D8931DAD383300D1E5FA /* CharacterCollectionViewController.swift in Sources */ = {isa = PBXBuildFile; fileRef = BC70D8921DAD383300D1E5FA /* CharacterCollectionViewController.swift */; };
/* End PBXBuildFile section */

/* Begin PBXFileReference section */
		5B95F55B1DAC1D8200E37367 /* FamilyHouse.app */ = {isa = PBXFileReference; explicitFileType = wrapper.application; includeInIndex = 0; path = FamilyHouse.app; sourceTree = BUILT_PRODUCTS_DIR; };
		5B95F55E1DAC1D8200E37367 /* AppDelegate.swift */ = {isa = PBXFileReference; lastKnownFileType = sourcecode.swift; path = AppDelegate.swift; sourceTree = "<group>"; };
		5B95F5631DAC1D8200E37367 /* Base */ = {isa = PBXFileReference; lastKnownFileType = file.storyboard; name = Base; path = Base.lproj/Main.storyboard; sourceTree = "<group>"; };
		5B95F5651DAC1D8200E37367 /* Assets.xcassets */ = {isa = PBXFileReference; lastKnownFileType = folder.assetcatalog; path = Assets.xcassets; sourceTree = "<group>"; };
		5B95F5681DAC1D8200E37367 /* Base */ = {isa = PBXFileReference; lastKnownFileType = file.storyboard; name = Base; path = Base.lproj/LaunchScreen.storyboard; sourceTree = "<group>"; };
		5B95F56A1DAC1D8200E37367 /* Info.plist */ = {isa = PBXFileReference; lastKnownFileType = text.plist.xml; path = Info.plist; sourceTree = "<group>"; };
		BC1CF53C1DAC38BA005CE088 /* images.zip */ = {isa = PBXFileReference; lastKnownFileType = archive.zip; name = images.zip; path = ../../../../Downloads/images.zip; sourceTree = "<group>"; };
		BC1CF53E1DAC38E6005CE088 /* carl.jpg */ = {isa = PBXFileReference; lastKnownFileType = image.jpeg; name = carl.jpg; path = ../../../../Downloads/images/carl.jpg; sourceTree = "<group>"; };
		BC1CF53F1DAC38E6005CE088 /* danny.jpg */ = {isa = PBXFileReference; lastKnownFileType = image.jpeg; name = danny.jpg; path = ../../../../Downloads/images/danny.jpg; sourceTree = "<group>"; };
		BC1CF5401DAC38E6005CE088 /* dj.jpg */ = {isa = PBXFileReference; lastKnownFileType = image.jpeg; name = dj.jpg; path = ../../../../Downloads/images/dj.jpg; sourceTree = "<group>"; };
		BC1CF5411DAC38E6005CE088 /* eddie.jpg */ = {isa = PBXFileReference; lastKnownFileType = image.jpeg; name = eddie.jpg; path = ../../../../Downloads/images/eddie.jpg; sourceTree = "<group>"; };
		BC1CF5421DAC38E6005CE088 /* jesse.jpg */ = {isa = PBXFileReference; lastKnownFileType = image.jpeg; name = jesse.jpg; path = ../../../../Downloads/images/jesse.jpg; sourceTree = "<group>"; };
		BC1CF5431DAC38E6005CE088 /* joey.jpg */ = {isa = PBXFileReference; lastKnownFileType = image.jpeg; name = joey.jpg; path = ../../../../Downloads/images/joey.jpg; sourceTree = "<group>"; };
		BC1CF5441DAC38E6005CE088 /* kimmy.jpg */ = {isa = PBXFileReference; lastKnownFileType = image.jpeg; name = kimmy.jpg; path = ../../../../Downloads/images/kimmy.jpg; sourceTree = "<group>"; };
		BC1CF5451DAC38E6005CE088 /* laura.jpg */ = {isa = PBXFileReference; lastKnownFileType = image.jpeg; name = laura.jpg; path = ../../../../Downloads/images/laura.jpg; sourceTree = "<group>"; };
		BC1CF5461DAC38E6005CE088 /* michelle.jpg */ = {isa = PBXFileReference; lastKnownFileType = image.jpeg; name = michelle.jpg; path = ../../../../Downloads/images/michelle.jpg; sourceTree = "<group>"; };
		BC1CF5471DAC38E6005CE088 /* rebecca.jpg */ = {isa = PBXFileReference; lastKnownFileType = image.jpeg; name = rebecca.jpg; path = ../../../../Downloads/images/rebecca.jpg; sourceTree = "<group>"; };
		BC1CF5481DAC38E6005CE088 /* stephanie.jpg */ = {isa = PBXFileReference; lastKnownFileType = image.jpeg; name = stephanie.jpg; path = ../../../../Downloads/images/stephanie.jpg; sourceTree = "<group>"; };
		BC1CF5491DAC38E6005CE088 /* steve.jpg */ = {isa = PBXFileReference; lastKnownFileType = image.jpeg; name = steve.jpg; path = ../../../../Downloads/images/steve.jpg; sourceTree = "<group>"; };
		BC1CF54A1DAC38E6005CE088 /* waldo.jpg */ = {isa = PBXFileReference; lastKnownFileType = image.jpeg; name = waldo.jpg; path = ../../../../Downloads/images/waldo.jpg; sourceTree = "<group>"; };
		BC1CF5581DAC3963005CE088 /* familyHouse.swift */ = {isa = PBXFileReference; fileEncoding = 4; lastKnownFileType = sourcecode.swift; path = familyHouse.swift; sourceTree = "<group>"; };
		BC1CF55A1DAC40CF005CE088 /* FilmLocationTableTableViewController.swift */ = {isa = PBXFileReference; fileEncoding = 4; lastKnownFileType = sourcecode.swift; path = FilmLocationTableTableViewController.swift; sourceTree = "<group>"; };
		BC1CF55C1DAC412B005CE088 /* FilmLocationTableViewCell.swift */ = {isa = PBXFileReference; fileEncoding = 4; lastKnownFileType = sourcecode.swift; path = FilmLocationTableViewCell.swift; sourceTree = "<group>"; };
		BC70D8901DAD358500D1E5FA /* CharacterCollectionViewCell.swift */ = {isa = PBXFileReference; fileEncoding = 4; lastKnownFileType = sourcecode.swift; path = CharacterCollectionViewCell.swift; sourceTree = "<group>"; };
		BC70D8921DAD383300D1E5FA /* CharacterCollectionViewController.swift */ = {isa = PBXFileReference; fileEncoding = 4; lastKnownFileType = sourcecode.swift; path = CharacterCollectionViewController.swift; sourceTree = "<group>"; };
/* End PBXFileReference section */

/* Begin PBXFrameworksBuildPhase section */
		5B95F5581DAC1D8100E37367 /* Frameworks */ = {
			isa = PBXFrameworksBuildPhase;
			buildActionMask = 2147483647;
			files = (
			);
			runOnlyForDeploymentPostprocessing = 0;
		};
/* End PBXFrameworksBuildPhase section */

/* Begin PBXGroup section */
		5B95F5521DAC1D8100E37367 = {
			isa = PBXGroup;
			children = (
				5B95F55D1DAC1D8200E37367 /* FamilyHouse */,
				5B95F55C1DAC1D8200E37367 /* Products */,
			);
			sourceTree = "<group>";
		};
		5B95F55C1DAC1D8200E37367 /* Products */ = {
			isa = PBXGroup;
			children = (
				5B95F55B1DAC1D8200E37367 /* FamilyHouse.app */,
			);
			name = Products;
			sourceTree = "<group>";
		};
		5B95F55D1DAC1D8200E37367 /* FamilyHouse */ = {
			isa = PBXGroup;
			children = (
				5B95F55E1DAC1D8200E37367 /* AppDelegate.swift */,
				5B95F5621DAC1D8200E37367 /* Main.storyboard */,
				BC1CF55A1DAC40CF005CE088 /* FilmLocationTableTableViewController.swift */,
				BC1CF55C1DAC412B005CE088 /* FilmLocationTableViewCell.swift */,
				BC1CF5581DAC3963005CE088 /* familyHouse.swift */,
				BC70D8921DAD383300D1E5FA /* CharacterCollectionViewController.swift */,
				BC70D8901DAD358500D1E5FA /* CharacterCollectionViewCell.swift */,
				5B95F5651DAC1D8200E37367 /* Assets.xcassets */,
				5B95F5671DAC1D8200E37367 /* LaunchScreen.storyboard */,
				5B95F56A1DAC1D8200E37367 /* Info.plist */,
				BC1CF53C1DAC38BA005CE088 /* images.zip */,
				BC1CF53E1DAC38E6005CE088 /* carl.jpg */,
				BC1CF53F1DAC38E6005CE088 /* danny.jpg */,
				BC1CF5401DAC38E6005CE088 /* dj.jpg */,
				BC1CF5411DAC38E6005CE088 /* eddie.jpg */,
				BC1CF5421DAC38E6005CE088 /* jesse.jpg */,
				BC1CF5431DAC38E6005CE088 /* joey.jpg */,
				BC1CF5441DAC38E6005CE088 /* kimmy.jpg */,
				BC1CF5451DAC38E6005CE088 /* laura.jpg */,
				BC1CF5461DAC38E6005CE088 /* michelle.jpg */,
				BC1CF5471DAC38E6005CE088 /* rebecca.jpg */,
				BC1CF5481DAC38E6005CE088 /* stephanie.jpg */,
				BC1CF5491DAC38E6005CE088 /* steve.jpg */,
				BC1CF54A1DAC38E6005CE088 /* waldo.jpg */,
			);
			path = FamilyHouse;
			sourceTree = "<group>";
		};
/* End PBXGroup section */

/* Begin PBXNativeTarget section */
		5B95F55A1DAC1D8100E37367 /* FamilyHouse */ = {
			isa = PBXNativeTarget;
			buildConfigurationList = 5B95F56D1DAC1D8200E37367 /* Build configuration list for PBXNativeTarget "FamilyHouse" */;
			buildPhases = (
				5B95F5571DAC1D8100E37367 /* Sources */,
				5B95F5581DAC1D8100E37367 /* Frameworks */,
				5B95F5591DAC1D8100E37367 /* Resources */,
			);
			buildRules = (
			);
			dependencies = (
			);
			name = FamilyHouse;
			productName = FamilyHouse;
			productReference = 5B95F55B1DAC1D8200E37367 /* FamilyHouse.app */;
			productType = "com.apple.product-type.application";
		};
/* End PBXNativeTarget section */

/* Begin PBXProject section */
		5B95F5531DAC1D8100E37367 /* Project object */ = {
			isa = PBXProject;
			attributes = {
				LastSwiftUpdateCheck = 0800;
				LastUpgradeCheck = 0800;
				ORGANIZATIONNAME = "Flatiron School";
				TargetAttributes = {
					5B95F55A1DAC1D8100E37367 = {
						CreatedOnToolsVersion = 8.0;
						DevelopmentTeam = KXY9EDFTF5;
						ProvisioningStyle = Automatic;
					};
				};
			};
			buildConfigurationList = 5B95F5561DAC1D8100E37367 /* Build configuration list for PBXProject "FamilyHouse" */;
			compatibilityVersion = "Xcode 3.2";
			developmentRegion = English;
			hasScannedForEncodings = 0;
			knownRegions = (
				en,
				Base,
			);
			mainGroup = 5B95F5521DAC1D8100E37367;
			productRefGroup = 5B95F55C1DAC1D8200E37367 /* Products */;
			projectDirPath = "";
			projectRoot = "";
			targets = (
				5B95F55A1DAC1D8100E37367 /* FamilyHouse */,
			);
		};
/* End PBXProject section */

/* Begin PBXResourcesBuildPhase section */
		5B95F5591DAC1D8100E37367 /* Resources */ = {
			isa = PBXResourcesBuildPhase;
			buildActionMask = 2147483647;
			files = (
				BC1CF54D1DAC38E6005CE088 /* dj.jpg in Resources */,
				BC1CF5551DAC38E6005CE088 /* stephanie.jpg in Resources */,
				BC1CF5531DAC38E6005CE088 /* michelle.jpg in Resources */,
				5B95F5691DAC1D8200E37367 /* LaunchScreen.storyboard in Resources */,
				BC1CF54B1DAC38E6005CE088 /* carl.jpg in Resources */,
				BC1CF54E1DAC38E6005CE088 /* eddie.jpg in Resources */,
				BC1CF53D1DAC38BA005CE088 /* images.zip in Resources */,
				BC1CF5521DAC38E6005CE088 /* laura.jpg in Resources */,
				5B95F5661DAC1D8200E37367 /* Assets.xcassets in Resources */,
				BC1CF5501DAC38E6005CE088 /* joey.jpg in Resources */,
				BC1CF5541DAC38E6005CE088 /* rebecca.jpg in Resources */,
				BC1CF5511DAC38E6005CE088 /* kimmy.jpg in Resources */,
				BC1CF54F1DAC38E6005CE088 /* jesse.jpg in Resources */,
				BC1CF54C1DAC38E6005CE088 /* danny.jpg in Resources */,
				5B95F5641DAC1D8200E37367 /* Main.storyboard in Resources */,
				BC1CF5561DAC38E6005CE088 /* steve.jpg in Resources */,
				BC1CF5571DAC38E6005CE088 /* waldo.jpg in Resources */,
			);
			runOnlyForDeploymentPostprocessing = 0;
		};
/* End PBXResourcesBuildPhase section */

/* Begin PBXSourcesBuildPhase section */
		5B95F5571DAC1D8100E37367 /* Sources */ = {
			isa = PBXSourcesBuildPhase;
			buildActionMask = 2147483647;
			files = (
				BC70D8931DAD383300D1E5FA /* CharacterCollectionViewController.swift in Sources */,
				BC70D8911DAD358500D1E5FA /* CharacterCollectionViewCell.swift in Sources */,
				BC1CF5591DAC3963005CE088 /* familyHouse.swift in Sources */,
				BC1CF55B1DAC40CF005CE088 /* FilmLocationTableTableViewController.swift in Sources */,
				BC1CF55D1DAC412B005CE088 /* FilmLocationTableViewCell.swift in Sources */,
				5B95F55F1DAC1D8200E37367 /* AppDelegate.swift in Sources */,
			);
			runOnlyForDeploymentPostprocessing = 0;
		};
/* End PBXSourcesBuildPhase section */

/* Begin PBXVariantGroup section */
		5B95F5621DAC1D8200E37367 /* Main.storyboard */ = {
			isa = PBXVariantGroup;
			children = (
				5B95F5631DAC1D8200E37367 /* Base */,
			);
			name = Main.storyboard;
			sourceTree = "<group>";
		};
		5B95F5671DAC1D8200E37367 /* LaunchScreen.storyboard */ = {
			isa = PBXVariantGroup;
			children = (
				5B95F5681DAC1D8200E37367 /* Base */,
			);
			name = LaunchScreen.storyboard;
			sourceTree = "<group>";
		};
/* End PBXVariantGroup section */

/* Begin XCBuildConfiguration section */
		5B95F56B1DAC1D8200E37367 /* Debug */ = {
			isa = XCBuildConfiguration;
			buildSettings = {
				ALWAYS_SEARCH_USER_PATHS = NO;
				CLANG_ANALYZER_NONNULL = YES;
				CLANG_CXX_LANGUAGE_STANDARD = "gnu++0x";
				CLANG_CXX_LIBRARY = "libc++";
				CLANG_ENABLE_MODULES = YES;
				CLANG_ENABLE_OBJC_ARC = YES;
				CLANG_WARN_BOOL_CONVERSION = YES;
				CLANG_WARN_CONSTANT_CONVERSION = YES;
				CLANG_WARN_DIRECT_OBJC_ISA_USAGE = YES_ERROR;
				CLANG_WARN_DOCUMENTATION_COMMENTS = YES;
				CLANG_WARN_EMPTY_BODY = YES;
				CLANG_WARN_ENUM_CONVERSION = YES;
				CLANG_WARN_INFINITE_RECURSION = YES;
				CLANG_WARN_INT_CONVERSION = YES;
				CLANG_WARN_OBJC_ROOT_CLASS = YES_ERROR;
				CLANG_WARN_SUSPICIOUS_MOVES = YES;
				CLANG_WARN_UNREACHABLE_CODE = YES;
				CLANG_WARN__DUPLICATE_METHOD_MATCH = YES;
				"CODE_SIGN_IDENTITY[sdk=iphoneos*]" = "iPhone Developer";
				COPY_PHASE_STRIP = NO;
				DEBUG_INFORMATION_FORMAT = dwarf;
				ENABLE_STRICT_OBJC_MSGSEND = YES;
				ENABLE_TESTABILITY = YES;
				GCC_C_LANGUAGE_STANDARD = gnu99;
				GCC_DYNAMIC_NO_PIC = NO;
				GCC_NO_COMMON_BLOCKS = YES;
				GCC_OPTIMIZATION_LEVEL = 0;
				GCC_PREPROCESSOR_DEFINITIONS = (
					"DEBUG=1",
					"$(inherited)",
				);
				GCC_WARN_64_TO_32_BIT_CONVERSION = YES;
				GCC_WARN_ABOUT_RETURN_TYPE = YES_ERROR;
				GCC_WARN_UNDECLARED_SELECTOR = YES;
				GCC_WARN_UNINITIALIZED_AUTOS = YES_AGGRESSIVE;
				GCC_WARN_UNUSED_FUNCTION = YES;
				GCC_WARN_UNUSED_VARIABLE = YES;
				IPHONEOS_DEPLOYMENT_TARGET = 10.0;
				MTL_ENABLE_DEBUG_INFO = YES;
				ONLY_ACTIVE_ARCH = YES;
				SDKROOT = iphoneos;
				SWIFT_ACTIVE_COMPILATION_CONDITIONS = DEBUG;
				SWIFT_OPTIMIZATION_LEVEL = "-Onone";
			};
			name = Debug;
		};
		5B95F56C1DAC1D8200E37367 /* Release */ = {
			isa = XCBuildConfiguration;
			buildSettings = {
				ALWAYS_SEARCH_USER_PATHS = NO;
				CLANG_ANALYZER_NONNULL = YES;
				CLANG_CXX_LANGUAGE_STANDARD = "gnu++0x";
				CLANG_CXX_LIBRARY = "libc++";
				CLANG_ENABLE_MODULES = YES;
				CLANG_ENABLE_OBJC_ARC = YES;
				CLANG_WARN_BOOL_CONVERSION = YES;
				CLANG_WARN_CONSTANT_CONVERSION = YES;
				CLANG_WARN_DIRECT_OBJC_ISA_USAGE = YES_ERROR;
				CLANG_WARN_DOCUMENTATION_COMMENTS = YES;
				CLANG_WARN_EMPTY_BODY = YES;
				CLANG_WARN_ENUM_CONVERSION = YES;
				CLANG_WARN_INFINITE_RECURSION = YES;
				CLANG_WARN_INT_CONVERSION = YES;
				CLANG_WARN_OBJC_ROOT_CLASS = YES_ERROR;
				CLANG_WARN_SUSPICIOUS_MOVES = YES;
				CLANG_WARN_UNREACHABLE_CODE = YES;
				CLANG_WARN__DUPLICATE_METHOD_MATCH = YES;
				"CODE_SIGN_IDENTITY[sdk=iphoneos*]" = "iPhone Developer";
				COPY_PHASE_STRIP = NO;
				DEBUG_INFORMATION_FORMAT = "dwarf-with-dsym";
				ENABLE_NS_ASSERTIONS = NO;
				ENABLE_STRICT_OBJC_MSGSEND = YES;
				GCC_C_LANGUAGE_STANDARD = gnu99;
				GCC_NO_COMMON_BLOCKS = YES;
				GCC_WARN_64_TO_32_BIT_CONVERSION = YES;
				GCC_WARN_ABOUT_RETURN_TYPE = YES_ERROR;
				GCC_WARN_UNDECLARED_SELECTOR = YES;
				GCC_WARN_UNINITIALIZED_AUTOS = YES_AGGRESSIVE;
				GCC_WARN_UNUSED_FUNCTION = YES;
				GCC_WARN_UNUSED_VARIABLE = YES;
				IPHONEOS_DEPLOYMENT_TARGET = 10.0;
				MTL_ENABLE_DEBUG_INFO = NO;
				SDKROOT = iphoneos;
				SWIFT_OPTIMIZATION_LEVEL = "-Owholemodule";
				VALIDATE_PRODUCT = YES;
			};
			name = Release;
		};
		5B95F56E1DAC1D8200E37367 /* Debug */ = {
			isa = XCBuildConfiguration;
			buildSettings = {
				ASSETCATALOG_COMPILER_APPICON_NAME = AppIcon;
				DEVELOPMENT_TEAM = KXY9EDFTF5;
				INFOPLIST_FILE = FamilyHouse/Info.plist;
				LD_RUNPATH_SEARCH_PATHS = "$(inherited) @executable_path/Frameworks";
				PRODUCT_BUNDLE_IDENTIFIER = com.flatironSchool.FamilyHouse;
				PRODUCT_NAME = "$(TARGET_NAME)";
				SWIFT_VERSION = 3.0;
			};
			name = Debug;
		};
		5B95F56F1DAC1D8200E37367 /* Release */ = {
			isa = XCBuildConfiguration;
			buildSettings = {
				ASSETCATALOG_COMPILER_APPICON_NAME = AppIcon;
				DEVELOPMENT_TEAM = KXY9EDFTF5;
				INFOPLIST_FILE = FamilyHouse/Info.plist;
				LD_RUNPATH_SEARCH_PATHS = "$(inherited) @executable_path/Frameworks";
				PRODUCT_BUNDLE_IDENTIFIER = com.flatironSchool.FamilyHouse;
				PRODUCT_NAME = "$(TARGET_NAME)";
				SWIFT_VERSION = 3.0;
			};
			name = Release;
		};
/* End XCBuildConfiguration section */

/* Begin XCConfigurationList section */
		5B95F5561DAC1D8100E37367 /* Build configuration list for PBXProject "FamilyHouse" */ = {
			isa = XCConfigurationList;
			buildConfigurations = (
				5B95F56B1DAC1D8200E37367 /* Debug */,
				5B95F56C1DAC1D8200E37367 /* Release */,
			);
			defaultConfigurationIsVisible = 0;
			defaultConfigurationName = Release;
		};
		5B95F56D1DAC1D8200E37367 /* Build configuration list for PBXNativeTarget "FamilyHouse" */ = {
			isa = XCConfigurationList;
			buildConfigurations = (
				5B95F56E1DAC1D8200E37367 /* Debug */,
				5B95F56F1DAC1D8200E37367 /* Release */,
			);
			defaultConfigurationIsVisible = 0;
			defaultConfigurationName = Release;
		};
/* End XCConfigurationList section */
	};
	rootObject = 5B95F5531DAC1D8100E37367 /* Project object */;
}
